
Microsoft Visual Studio Solution File, Format Version 12.00
# Visual Studio Version 16
VisualStudioVersion = 16.0.30011.22
MinimumVisualStudioVersion = 10.0.40219.1
Project("{FAE04EC0-301F-11D3-BF4B-00C04F79EFBC}") = "ConsoleApp1", "ConsoleApp1.csproj", "{412A2328-0369-4211-9512-4371D7C54D26}"
EndProject
Global
	GlobalSection(SolutionConfigurationPlatforms) = preSolution
		Debug|Any CPU = Debug|Any CPU
		Release|Any CPU = Release|Any CPU
	EndGlobalSection
	GlobalSection(ProjectConfigurationPlatforms) = postSolution
		{412A2328-0369-4211-9512-4371D7C54D26}.Debug|Any CPU.ActiveCfg = Debug|Any CPU
		{412A2328-0369-4211-9512-4371D7C54D26}.Debug|Any CPU.Build.0 = Debug|Any CPU
		{412A2328-0369-4211-9512-4371D7C54D26}.Release|Any CPU.ActiveCfg = Release|Any CPU
		{412A2328-0369-4211-9512-4371D7C54D26}.Release|Any CPU.Build.0 = Release|Any CPU
	EndGlobalSection
	GlobalSection(SolutionProperties) = preSolution
		HideSolutionNode = FALSE
	EndGlobalSection
	GlobalSection(ExtensibilityGlobals) = postSolution
		SolutionGuid = {64F7AE4C-44C3-42B1-A1D9-5A83E9A54F1E}
	EndGlobalSection
EndGlobal
